
Microsoft Visual Studio Solution File, Format Version 12.00
# Visual Studio Version 17
VisualStudioVersion = 17.14.36518.9 d17.14
MinimumVisualStudioVersion = 10.0.40219.1
Project("{FAE04EC0-301F-11D3-BF4B-00C04F79EFBC}") = "ex02_BattaileCorse", "ex02_BattaileCorse\ex02_BattaileCorse.csproj", "{31F563D9-9C58-455F-BB6D-BA97E29488FF}"
EndProject
Global
	GlobalSection(SolutionConfigurationPlatforms) = preSolution
		Debug|Any CPU = Debug|Any CPU
		Release|Any CPU = Release|Any CPU
	EndGlobalSection
	GlobalSection(ProjectConfigurationPlatforms) = postSolution
		{31F563D9-9C58-455F-BB6D-BA97E29488FF}.Debug|Any CPU.ActiveCfg = Debug|Any CPU
		{31F563D9-9C58-455F-BB6D-BA97E29488FF}.Debug|Any CPU.Build.0 = Debug|Any CPU
		{31F563D9-9C58-455F-BB6D-BA97E29488FF}.Release|Any CPU.ActiveCfg = Release|Any CPU
		{31F563D9-9C58-455F-BB6D-BA97E29488FF}.Release|Any CPU.Build.0 = Release|Any CPU
	EndGlobalSection
	GlobalSection(SolutionProperties) = preSolution
		HideSolutionNode = FALSE
	EndGlobalSection
	GlobalSection(ExtensibilityGlobals) = postSolution
		SolutionGuid = {D1A068B6-7367-4448-962E-67667F32BC35}
	EndGlobalSection
EndGlobal
